# This file is automatically @generated by Cargo.
# It is not intended for manual editing.
version = 4

[[package]]
name = "botcli"
version = "0.1.0"
dependencies = [
 "botserver-domain",
]

[[package]]
name = "botserver"
version = "0.1.0"
dependencies = [
 "botserver-domain",
]

[[package]]
name = "botserver-domain"
version = "0.1.0"
